
Microsoft Visual Studio Solution File, Format Version 12.00
# Visual Studio Version 17
VisualStudioVersion = 17.8.34330.188
MinimumVisualStudioVersion = 10.0.40219.1
Project("{FAE04EC0-301F-11D3-BF4B-00C04F79EFBC}") = "efficient-work-app", "efficient-work-app.csproj", "{E51DBEEB-7A97-460C-BD74-9FF32B95C3F2}"
EndProject
Global
	GlobalSection(SolutionConfigurationPlatforms) = preSolution
		Debug|Any CPU = Debug|Any CPU
		Release|Any CPU = Release|Any CPU
	EndGlobalSection
	GlobalSection(ProjectConfigurationPlatforms) = postSolution
		{E51DBEEB-7A97-460C-BD74-9FF32B95C3F2}.Debug|Any CPU.ActiveCfg = Debug|Any CPU
		{E51DBEEB-7A97-460C-BD74-9FF32B95C3F2}.Debug|Any CPU.Build.0 = Debug|Any CPU
		{E51DBEEB-7A97-460C-BD74-9FF32B95C3F2}.Release|Any CPU.ActiveCfg = Release|Any CPU
		{E51DBEEB-7A97-460C-BD74-9FF32B95C3F2}.Release|Any CPU.Build.0 = Release|Any CPU
	EndGlobalSection
	GlobalSection(SolutionProperties) = preSolution
		HideSolutionNode = FALSE
	EndGlobalSection
	GlobalSection(ExtensibilityGlobals) = postSolution
		SolutionGuid = {0FB6BC3D-4E55-47B7-A29D-CB8B03114813}
	EndGlobalSection
EndGlobal
